
Microsoft Visual Studio Solution File, Format Version 12.00
# Visual Studio Version 17
VisualStudioVersion = 17.3.32929.385
MinimumVisualStudioVersion = 10.0.40219.1
Project("{FAE04EC0-301F-11D3-BF4B-00C04F79EFBC}") = "Find how many times it is repeated in a string", "Find how many times it is repeated in a string\Find how many times it is repeated in a string.csproj", "{8E424C21-1E1E-489A-8041-3077908E2939}"
EndProject
Global
	GlobalSection(SolutionConfigurationPlatforms) = preSolution
		Debug|Any CPU = Debug|Any CPU
		Release|Any CPU = Release|Any CPU
	EndGlobalSection
	GlobalSection(ProjectConfigurationPlatforms) = postSolution
		{8E424C21-1E1E-489A-8041-3077908E2939}.Debug|Any CPU.ActiveCfg = Debug|Any CPU
		{8E424C21-1E1E-489A-8041-3077908E2939}.Debug|Any CPU.Build.0 = Debug|Any CPU
		{8E424C21-1E1E-489A-8041-3077908E2939}.Release|Any CPU.ActiveCfg = Release|Any CPU
		{8E424C21-1E1E-489A-8041-3077908E2939}.Release|Any CPU.Build.0 = Release|Any CPU
	EndGlobalSection
	GlobalSection(SolutionProperties) = preSolution
		HideSolutionNode = FALSE
	EndGlobalSection
	GlobalSection(ExtensibilityGlobals) = postSolution
		SolutionGuid = {0E925640-47EA-40CE-8A62-0E46CA2E3A01}
	EndGlobalSection
EndGlobal
